PODS:
  - Alamofire (5.5.0)
  - SwiftLint (0.45.1)

DEPENDENCIES:
  - Alamofire (~> 5.5)
  - SwiftLint

SPEC REPOS:
  trunk:
    - Alamofire
    - SwiftLint

SPEC CHECKSUMS:
  Alamofire: 1c4fb5369c3fe93d2857c780d8bbe09f06f97e7c
  SwiftLint: 06ac37e4d38c7068e0935bb30cda95f093bec761

PODFILE CHECKSUM: 244f27388b398219d5ec0d625b948db65588b1b4

COCOAPODS: 1.11.0
