// !$*UTF8*$!
{
	archiveVersion = 1;
	classes = {
	};
	objectVersion = 55;
	objects = {

/* Begin PBXBuildFile section */
		BCDDDCD72763A63F005C81BC /* WeatherProjectTestOrionApp.swift in Sources */ = {isa = PBXBuildFile; fileRef = BCDDDCD62763A63F005C81BC /* WeatherProjectTestOrionApp.swift */; };
		BCDDDCD92763A63F005C81BC /* MainView.swift in Sources */ = {isa = PBXBuildFile; fileRef = BCDDDCD82763A63F005C81BC /* MainView.swift */; };
		BCDDDCDB2763A641005C81BC /* Assets.xcassets in Resources */ = {isa = PBXBuildFile; fileRef = BCDDDCDA2763A641005C81BC /* Assets.xcassets */; };
		BCDDDCDE2763A641005C81BC /* Preview Assets.xcassets in Resources */ = {isa = PBXBuildFile; fileRef = BCDDDCDD2763A641005C81BC /* Preview Assets.xcassets */; };
		BCDDDCE62763A6CE005C81BC /* CityTitleView.swift in Sources */ = {isa = PBXBuildFile; fileRef = BCDDDCE52763A6CE005C81BC /* CityTitleView.swift */; };
		BCDDDCE82763A6F2005C81BC /* ListDailyWeatherView.swift in Sources */ = {isa = PBXBuildFile; fileRef = BCDDDCE72763A6F1005C81BC /* ListDailyWeatherView.swift */; };
		BCDDDCEA2763A976005C81BC /* CurrentWeatherView.swift in Sources */ = {isa = PBXBuildFile; fileRef = BCDDDCE92763A976005C81BC /* CurrentWeatherView.swift */; };
/* End PBXBuildFile section */

/* Begin PBXFileReference section */
		BCDDDCD32763A63F005C81BC /* WeatherProjectTestOrion.app */ = {isa = PBXFileReference; explicitFileType = wrapper.application; includeInIndex = 0; path = WeatherProjectTestOrion.app; sourceTree = BUILT_PRODUCTS_DIR; };
		BCDDDCD62763A63F005C81BC /* WeatherProjectTestOrionApp.swift */ = {isa = PBXFileReference; lastKnownFileType = sourcecode.swift; path = WeatherProjectTestOrionApp.swift; sourceTree = "<group>"; };
		BCDDDCD82763A63F005C81BC /* MainView.swift */ = {isa = PBXFileReference; lastKnownFileType = sourcecode.swift; path = MainView.swift; sourceTree = "<group>"; };
		BCDDDCDA2763A641005C81BC /* Assets.xcassets */ = {isa = PBXFileReference; lastKnownFileType = folder.assetcatalog; path = Assets.xcassets; sourceTree = "<group>"; };
		BCDDDCDD2763A641005C81BC /* Preview Assets.xcassets */ = {isa = PBXFileReference; lastKnownFileType = folder.assetcatalog; path = "Preview Assets.xcassets"; sourceTree = "<group>"; };
		BCDDDCE52763A6CE005C81BC /* CityTitleView.swift */ = {isa = PBXFileReference; lastKnownFileType = sourcecode.swift; path = CityTitleView.swift; sourceTree = "<group>"; };
		BCDDDCE72763A6F1005C81BC /* ListDailyWeatherView.swift */ = {isa = PBXFileReference; lastKnownFileType = sourcecode.swift; path = ListDailyWeatherView.swift; sourceTree = "<group>"; };
		BCDDDCE92763A976005C81BC /* CurrentWeatherView.swift */ = {isa = PBXFileReference; lastKnownFileType = sourcecode.swift; path = CurrentWeatherView.swift; sourceTree = "<group>"; };
/* End PBXFileReference section */

/* Begin PBXFrameworksBuildPhase section */
		BCDDDCD02763A63F005C81BC /* Frameworks */ = {
			isa = PBXFrameworksBuildPhase;
			buildActionMask = 2147483647;
			files = (
			);
			runOnlyForDeploymentPostprocessing = 0;
		};
/* End PBXFrameworksBuildPhase section */

/* Begin PBXGroup section */
		BCDDDCCA2763A63F005C81BC = {
			isa = PBXGroup;
			children = (
				BCDDDCD52763A63F005C81BC /* WeatherProjectTestOrion */,
				BCDDDCD42763A63F005C81BC /* Products */,
			);
			sourceTree = "<group>";
		};
		BCDDDCD42763A63F005C81BC /* Products */ = {
			isa = PBXGroup;
			children = (
				BCDDDCD32763A63F005C81BC /* WeatherProjectTestOrion.app */,
			);
			name = Products;
			sourceTree = "<group>";
		};
		BCDDDCD52763A63F005C81BC /* WeatherProjectTestOrion */ = {
			isa = PBXGroup;
			children = (
				BCDDDCE42763A6A5005C81BC /* View */,
				BCDDDCD62763A63F005C81BC /* WeatherProjectTestOrionApp.swift */,
				BCDDDCDA2763A641005C81BC /* Assets.xcassets */,
				BCDDDCDC2763A641005C81BC /* Preview Content */,
			);
			path = WeatherProjectTestOrion;
			sourceTree = "<group>";
		};
		BCDDDCDC2763A641005C81BC /* Preview Content */ = {
			isa = PBXGroup;
			children = (
				BCDDDCDD2763A641005C81BC /* Preview Assets.xcassets */,
			);
			path = "Preview Content";
			sourceTree = "<group>";
		};
		BCDDDCE42763A6A5005C81BC /* View */ = {
			isa = PBXGroup;
			children = (
				BCDDDCD82763A63F005C81BC /* MainView.swift */,
				BCDDDCE52763A6CE005C81BC /* CityTitleView.swift */,
				BCDDDCE92763A976005C81BC /* CurrentWeatherView.swift */,
				BCDDDCE72763A6F1005C81BC /* ListDailyWeatherView.swift */,
			);
			path = View;
			sourceTree = "<group>";
		};
/* End PBXGroup section */

/* Begin PBXNativeTarget section */
		BCDDDCD22763A63F005C81BC /* WeatherProjectTestOrion */ = {
			isa = PBXNativeTarget;
			buildConfigurationList = BCDDDCE12763A641005C81BC /* Build configuration list for PBXNativeTarget "WeatherProjectTestOrion" */;
			buildPhases = (
				BCDDDCCF2763A63F005C81BC /* Sources */,
				BCDDDCD02763A63F005C81BC /* Frameworks */,
				BCDDDCD12763A63F005C81BC /* Resources */,
			);
			buildRules = (
			);
			dependencies = (
			);
			name = WeatherProjectTestOrion;
			productName = WeatherProjectTestOrion;
			productReference = BCDDDCD32763A63F005C81BC /* WeatherProjectTestOrion.app */;
			productType = "com.apple.product-type.application";
		};
/* End PBXNativeTarget section */

/* Begin PBXProject section */
		BCDDDCCB2763A63F005C81BC /* Project object */ = {
			isa = PBXProject;
			attributes = {
				BuildIndependentTargetsInParallel = 1;
				LastSwiftUpdateCheck = 1310;
				LastUpgradeCheck = 1310;
				TargetAttributes = {
					BCDDDCD22763A63F005C81BC = {
						CreatedOnToolsVersion = 13.1;
					};
				};
			};
			buildConfigurationList = BCDDDCCE2763A63F005C81BC /* Build configuration list for PBXProject "WeatherProjectTestOrion" */;
			compatibilityVersion = "Xcode 13.0";
			developmentRegion = en;
			hasScannedForEncodings = 0;
			knownRegions = (
				en,
				Base,
			);
			mainGroup = BCDDDCCA2763A63F005C81BC;
			productRefGroup = BCDDDCD42763A63F005C81BC /* Products */;
			projectDirPath = "";
			projectRoot = "";
			targets = (
				BCDDDCD22763A63F005C81BC /* WeatherProjectTestOrion */,
			);
		};
/* End PBXProject section */

/* Begin PBXResourcesBuildPhase section */
		BCDDDCD12763A63F005C81BC /* Resources */ = {
			isa = PBXResourcesBuildPhase;
			buildActionMask = 2147483647;
			files = (
				BCDDDCDE2763A641005C81BC /* Preview Assets.xcassets in Resources */,
				BCDDDCDB2763A641005C81BC /* Assets.xcassets in Resources */,
			);
			runOnlyForDeploymentPostprocessing = 0;
		};
/* End PBXResourcesBuildPhase section */

/* Begin PBXSourcesBuildPhase section */
		BCDDDCCF2763A63F005C81BC /* Sources */ = {
			isa = PBXSourcesBuildPhase;
			buildActionMask = 2147483647;
			files = (
				BCDDDCE62763A6CE005C81BC /* CityTitleView.swift in Sources */,
				BCDDDCD92763A63F005C81BC /* MainView.swift in Sources */,
				BCDDDCD72763A63F005C81BC /* WeatherProjectTestOrionApp.swift in Sources */,
				BCDDDCEA2763A976005C81BC /* CurrentWeatherView.swift in Sources */,
				BCDDDCE82763A6F2005C81BC /* ListDailyWeatherView.swift in Sources */,
			);
			runOnlyForDeploymentPostprocessing = 0;
		};
/* End PBXSourcesBuildPhase section */

/* Begin XCBuildConfiguration section */
		BCDDDCDF2763A641005C81BC /* Debug */ = {
			isa = XCBuildConfiguration;
			buildSettings = {
				ALWAYS_SEARCH_USER_PATHS = NO;
				CLANG_ANALYZER_NONNULL = YES;
				CLANG_ANALYZER_NUMBER_OBJECT_CONVERSION = YES_AGGRESSIVE;
				CLANG_CXX_LANGUAGE_STANDARD = "gnu++17";
				CLANG_CXX_LIBRARY = "libc++";
				CLANG_ENABLE_MODULES = YES;
				CLANG_ENABLE_OBJC_ARC = YES;
				CLANG_ENABLE_OBJC_WEAK = YES;
				CLANG_WARN_BLOCK_CAPTURE_AUTORELEASING = YES;
				CLANG_WARN_BOOL_CONVERSION = YES;
				CLANG_WARN_COMMA = YES;
				CLANG_WARN_CONSTANT_CONVERSION = YES;
				CLANG_WARN_DEPRECATED_OBJC_IMPLEMENTATIONS = YES;
				CLANG_WARN_DIRECT_OBJC_ISA_USAGE = YES_ERROR;
				CLANG_WARN_DOCUMENTATION_COMMENTS = YES;
				CLANG_WARN_EMPTY_BODY = YES;
				CLANG_WARN_ENUM_CONVERSION = YES;
				CLANG_WARN_INFINITE_RECURSION = YES;
				CLANG_WARN_INT_CONVERSION = YES;
				CLANG_WARN_NON_LITERAL_NULL_CONVERSION = YES;
				CLANG_WARN_OBJC_IMPLICIT_RETAIN_SELF = YES;
				CLANG_WARN_OBJC_LITERAL_CONVERSION = YES;
				CLANG_WARN_OBJC_ROOT_CLASS = YES_ERROR;
				CLANG_WARN_QUOTED_INCLUDE_IN_FRAMEWORK_HEADER = YES;
				CLANG_WARN_RANGE_LOOP_ANALYSIS = YES;
				CLANG_WARN_STRICT_PROTOTYPES = YES;
				CLANG_WARN_SUSPICIOUS_MOVE = YES;
				CLANG_WARN_UNGUARDED_AVAILABILITY = YES_AGGRESSIVE;
				CLANG_WARN_UNREACHABLE_CODE = YES;
				CLANG_WARN__DUPLICATE_METHOD_MATCH = YES;
				COPY_PHASE_STRIP = NO;
				DEBUG_INFORMATION_FORMAT = dwarf;
				ENABLE_STRICT_OBJC_MSGSEND = YES;
				ENABLE_TESTABILITY = YES;
				GCC_C_LANGUAGE_STANDARD = gnu11;
				GCC_DYNAMIC_NO_PIC = NO;
				GCC_NO_COMMON_BLOCKS = YES;
				GCC_OPTIMIZATION_LEVEL = 0;
				GCC_PREPROCESSOR_DEFINITIONS = (
					"DEBUG=1",
					"$(inherited)",
				);
				GCC_WARN_64_TO_32_BIT_CONVERSION = YES;
				GCC_WARN_ABOUT_RETURN_TYPE = YES_ERROR;
				GCC_WARN_UNDECLARED_SELECTOR = YES;
				GCC_WARN_UNINITIALIZED_AUTOS = YES_AGGRESSIVE;
				GCC_WARN_UNUSED_FUNCTION = YES;
				GCC_WARN_UNUSED_VARIABLE = YES;
				IPHONEOS_DEPLOYMENT_TARGET = 15.0;
				MTL_ENABLE_DEBUG_INFO = INCLUDE_SOURCE;
				MTL_FAST_MATH = YES;
				ONLY_ACTIVE_ARCH = YES;
				SDKROOT = iphoneos;
				SWIFT_ACTIVE_COMPILATION_CONDITIONS = DEBUG;
				SWIFT_OPTIMIZATION_LEVEL = "-Onone";
			};
			name = Debug;
		};
		BCDDDCE02763A641005C81BC /* Release */ = {
			isa = XCBuildConfiguration;
			buildSettings = {
				ALWAYS_SEARCH_USER_PATHS = NO;
				CLANG_ANALYZER_NONNULL = YES;
				CLANG_ANALYZER_NUMBER_OBJECT_CONVERSION = YES_AGGRESSIVE;
				CLANG_CXX_LANGUAGE_STANDARD = "gnu++17";
				CLANG_CXX_LIBRARY = "libc++";
				CLANG_ENABLE_MODULES = YES;
				CLANG_ENABLE_OBJC_ARC = YES;
				CLANG_ENABLE_OBJC_WEAK = YES;
				CLANG_WARN_BLOCK_CAPTURE_AUTORELEASING = YES;
				CLANG_WARN_BOOL_CONVERSION = YES;
				CLANG_WARN_COMMA = YES;
				CLANG_WARN_CONSTANT_CONVERSION = YES;
				CLANG_WARN_DEPRECATED_OBJC_IMPLEMENTATIONS = YES;
				CLANG_WARN_DIRECT_OBJC_ISA_USAGE = YES_ERROR;
				CLANG_WARN_DOCUMENTATION_COMMENTS = YES;
				CLANG_WARN_EMPTY_BODY = YES;
				CLANG_WARN_ENUM_CONVERSION = YES;
				CLANG_WARN_INFINITE_RECURSION = YES;
				CLANG_WARN_INT_CONVERSION = YES;
				CLANG_WARN_NON_LITERAL_NULL_CONVERSION = YES;
				CLANG_WARN_OBJC_IMPLICIT_RETAIN_SELF = YES;
				CLANG_WARN_OBJC_LITERAL_CONVERSION = YES;
				CLANG_WARN_OBJC_ROOT_CLASS = YES_ERROR;
				CLANG_WARN_QUOTED_INCLUDE_IN_FRAMEWORK_HEADER = YES;
				CLANG_WARN_RANGE_LOOP_ANALYSIS = YES;
				CLANG_WARN_STRICT_PROTOTYPES = YES;
				CLANG_WARN_SUSPICIOUS_MOVE = YES;
				CLANG_WARN_UNGUARDED_AVAILABILITY = YES_AGGRESSIVE;
				CLANG_WARN_UNREACHABLE_CODE = YES;
				CLANG_WARN__DUPLICATE_METHOD_MATCH = YES;
				COPY_PHASE_STRIP = NO;
				DEBUG_INFORMATION_FORMAT = "dwarf-with-dsym";
				ENABLE_NS_ASSERTIONS = NO;
				ENABLE_STRICT_OBJC_MSGSEND = YES;
				GCC_C_LANGUAGE_STANDARD = gnu11;
				GCC_NO_COMMON_BLOCKS = YES;
				GCC_WARN_64_TO_32_BIT_CONVERSION = YES;
				GCC_WARN_ABOUT_RETURN_TYPE = YES_ERROR;
				GCC_WARN_UNDECLARED_SELECTOR = YES;
				GCC_WARN_UNINITIALIZED_AUTOS = YES_AGGRESSIVE;
				GCC_WARN_UNUSED_FUNCTION = YES;
				GCC_WARN_UNUSED_VARIABLE = YES;
				IPHONEOS_DEPLOYMENT_TARGET = 15.0;
				MTL_ENABLE_DEBUG_INFO = NO;
				MTL_FAST_MATH = YES;
				SDKROOT = iphoneos;
				SWIFT_COMPILATION_MODE = wholemodule;
				SWIFT_OPTIMIZATION_LEVEL = "-O";
				VALIDATE_PRODUCT = YES;
			};
			name = Release;
		};
		BCDDDCE22763A641005C81BC /* Debug */ = {
			isa = XCBuildConfiguration;
			buildSettings = {
				ASSETCATALOG_COMPILER_APPICON_NAME = AppIcon;
				ASSETCATALOG_COMPILER_GLOBAL_ACCENT_COLOR_NAME = AccentColor;
				CODE_SIGN_STYLE = Automatic;
				CURRENT_PROJECT_VERSION = 1;
				DEVELOPMENT_ASSET_PATHS = "\"WeatherProjectTestOrion/Preview Content\"";
				DEVELOPMENT_TEAM = CF7ZB6792L;
				ENABLE_PREVIEWS = YES;
				GENERATE_INFOPLIST_FILE = YES;
				INFOPLIST_KEY_UIApplicationSceneManifest_Generation = YES;
				INFOPLIST_KEY_UIApplicationSupportsIndirectInputEvents = YES;
				INFOPLIST_KEY_UILaunchScreen_Generation = YES;
				INFOPLIST_KEY_UISupportedInterfaceOrientations_iPad = "UIInterfaceOrientationPortrait UIInterfaceOrientationPortraitUpsideDown UIInterfaceOrientationLandscapeLeft UIInterfaceOrientationLandscapeRight";
				INFOPLIST_KEY_UISupportedInterfaceOrientations_iPhone = "UIInterfaceOrientationPortrait UIInterfaceOrientationLandscapeLeft UIInterfaceOrientationLandscapeRight";
				LD_RUNPATH_SEARCH_PATHS = (
					"$(inherited)",
					"@executable_path/Frameworks",
				);
				MARKETING_VERSION = 1.0;
				PRODUCT_BUNDLE_IDENTIFIER = ilvutikova.ru.WeatherProjectTestOrion;
				PRODUCT_NAME = "$(TARGET_NAME)";
				SWIFT_EMIT_LOC_STRINGS = YES;
				SWIFT_VERSION = 5.0;
				TARGETED_DEVICE_FAMILY = "1,2";
			};
			name = Debug;
		};
		BCDDDCE32763A641005C81BC /* Release */ = {
			isa = XCBuildConfiguration;
			buildSettings = {
				ASSETCATALOG_COMPILER_APPICON_NAME = AppIcon;
				ASSETCATALOG_COMPILER_GLOBAL_ACCENT_COLOR_NAME = AccentColor;
				CODE_SIGN_STYLE = Automatic;
				CURRENT_PROJECT_VERSION = 1;
				DEVELOPMENT_ASSET_PATHS = "\"WeatherProjectTestOrion/Preview Content\"";
				DEVELOPMENT_TEAM = CF7ZB6792L;
				ENABLE_PREVIEWS = YES;
				GENERATE_INFOPLIST_FILE = YES;
				INFOPLIST_KEY_UIApplicationSceneManifest_Generation = YES;
				INFOPLIST_KEY_UIApplicationSupportsIndirectInputEvents = YES;
				INFOPLIST_KEY_UILaunchScreen_Generation = YES;
				INFOPLIST_KEY_UISupportedInterfaceOrientations_iPad = "UIInterfaceOrientationPortrait UIInterfaceOrientationPortraitUpsideDown UIInterfaceOrientationLandscapeLeft UIInterfaceOrientationLandscapeRight";
				INFOPLIST_KEY_UISupportedInterfaceOrientations_iPhone = "UIInterfaceOrientationPortrait UIInterfaceOrientationLandscapeLeft UIInterfaceOrientationLandscapeRight";
				LD_RUNPATH_SEARCH_PATHS = (
					"$(inherited)",
					"@executable_path/Frameworks",
				);
				MARKETING_VERSION = 1.0;
				PRODUCT_BUNDLE_IDENTIFIER = ilvutikova.ru.WeatherProjectTestOrion;
				PRODUCT_NAME = "$(TARGET_NAME)";
				SWIFT_EMIT_LOC_STRINGS = YES;
				SWIFT_VERSION = 5.0;
				TARGETED_DEVICE_FAMILY = "1,2";
			};
			name = Release;
		};
/* End XCBuildConfiguration section */

/* Begin XCConfigurationList section */
		BCDDDCCE2763A63F005C81BC /* Build configuration list for PBXProject "WeatherProjectTestOrion" */ = {
			isa = XCConfigurationList;
			buildConfigurations = (
				BCDDDCDF2763A641005C81BC /* Debug */,
				BCDDDCE02763A641005C81BC /* Release */,
			);
			defaultConfigurationIsVisible = 0;
			defaultConfigurationName = Release;
		};
		BCDDDCE12763A641005C81BC /* Build configuration list for PBXNativeTarget "WeatherProjectTestOrion" */ = {
			isa = XCConfigurationList;
			buildConfigurations = (
				BCDDDCE22763A641005C81BC /* Debug */,
				BCDDDCE32763A641005C81BC /* Release */,
			);
			defaultConfigurationIsVisible = 0;
			defaultConfigurationName = Release;
		};
/* End XCConfigurationList section */
	};
	rootObject = BCDDDCCB2763A63F005C81BC /* Project object */;
}
