// !$*UTF8*$!
{
	archiveVersion = 1;
	classes = {
	};
	objectVersion = 55;
	objects = {

/* Begin PBXBuildFile section */
		9E9D7517482B9D0A4B8B309F /* Pods_WeatherProjectTestOrion.framework in Frameworks */ = {isa = PBXBuildFile; fileRef = 42BB3468C992BE0888011DE6 /* Pods_WeatherProjectTestOrion.framework */; };
		BC0C49F2277E58250050E93F /* WeatherRepositoryProtocol.swift in Sources */ = {isa = PBXBuildFile; fileRef = BC0C49D7277E58250050E93F /* WeatherRepositoryProtocol.swift */; };
		BC0C49F3277E58250050E93F /* WeatherService.swift in Sources */ = {isa = PBXBuildFile; fileRef = BC0C49D8277E58250050E93F /* WeatherService.swift */; };
		BC0C49F4277E58250050E93F /* APICurrentWeatherModel.swift in Sources */ = {isa = PBXBuildFile; fileRef = BC0C49D9277E58250050E93F /* APICurrentWeatherModel.swift */; };
		BC0C49F5277E58250050E93F /* Assets.xcassets in Resources */ = {isa = PBXBuildFile; fileRef = BC0C49DA277E58250050E93F /* Assets.xcassets */; };
		BC0C49F6277E58250050E93F /* Preview Assets.xcassets in Resources */ = {isa = PBXBuildFile; fileRef = BC0C49DC277E58250050E93F /* Preview Assets.xcassets */; };
		BC0C49F7277E58250050E93F /* WeatherProjectTestOrionApp.swift in Sources */ = {isa = PBXBuildFile; fileRef = BC0C49DD277E58250050E93F /* WeatherProjectTestOrionApp.swift */; };
		BC0C49F8277E58250050E93F /* WeatherViewModel.swift in Sources */ = {isa = PBXBuildFile; fileRef = BC0C49E0277E58250050E93F /* WeatherViewModel.swift */; };
		BC0C49F9277E58250050E93F /* HourlyCurrentWeather.swift in Sources */ = {isa = PBXBuildFile; fileRef = BC0C49E2277E58250050E93F /* HourlyCurrentWeather.swift */; };
		BC0C49FA277E58250050E93F /* Weather.swift in Sources */ = {isa = PBXBuildFile; fileRef = BC0C49E3277E58250050E93F /* Weather.swift */; };
		BC0C49FF277E58250050E93F /* DailyWeatherListView.swift in Sources */ = {isa = PBXBuildFile; fileRef = BC0C49EC277E58250050E93F /* DailyWeatherListView.swift */; };
		BC0C4A00277E58250050E93F /* DetailsForCurrentWeatherView.swift in Sources */ = {isa = PBXBuildFile; fileRef = BC0C49ED277E58250050E93F /* DetailsForCurrentWeatherView.swift */; };
		BC0C4A01277E58250050E93F /* HeaderWeatherView.swift in Sources */ = {isa = PBXBuildFile; fileRef = BC0C49EE277E58250050E93F /* HeaderWeatherView.swift */; };
		BC0C4A02277E58250050E93F /* DailyWeatherRow.swift in Sources */ = {isa = PBXBuildFile; fileRef = BC0C49EF277E58250050E93F /* DailyWeatherRow.swift */; };
		BC0C4A03277E58250050E93F /* CurrentWeatherView.swift in Sources */ = {isa = PBXBuildFile; fileRef = BC0C49F0277E58250050E93F /* CurrentWeatherView.swift */; };
		BC0C4A04277E58250050E93F /* MainView.swift in Sources */ = {isa = PBXBuildFile; fileRef = BC0C49F1277E58250050E93F /* MainView.swift */; };
		BCA9C5D0279A1411008BDBBE /* MagicNumber.swift in Sources */ = {isa = PBXBuildFile; fileRef = BCA9C5CF279A1411008BDBBE /* MagicNumber.swift */; };
		BCA9C5D2279A1441008BDBBE /* Double.swift in Sources */ = {isa = PBXBuildFile; fileRef = BCA9C5D1279A1441008BDBBE /* Double.swift */; };
		BCA9C5D4279AC1EB008BDBBE /* Text+.swift in Sources */ = {isa = PBXBuildFile; fileRef = BCA9C5D3279AC1EB008BDBBE /* Text+.swift */; };
		BCE240682785AA3000BDE7D6 /* Localization.swift in Sources */ = {isa = PBXBuildFile; fileRef = BCE240672785AA3000BDE7D6 /* Localization.swift */; };
		BCE2406B2785B61100BDE7D6 /* Localizable.strings in Resources */ = {isa = PBXBuildFile; fileRef = BCE2406D2785B61100BDE7D6 /* Localizable.strings */; };
		BCE34330279589E00070A85E /* SheetBottomWeatherView.swift in Sources */ = {isa = PBXBuildFile; fileRef = BCE3432F279589E00070A85E /* SheetBottomWeatherView.swift */; };
		BCE343322795B95C0070A85E /* Place.swift in Sources */ = {isa = PBXBuildFile; fileRef = BCE343312795B95C0070A85E /* Place.swift */; };
		C600602E278EB298008E8D36 /* DailyForecast.swift in Sources */ = {isa = PBXBuildFile; fileRef = C600602D278EB298008E8D36 /* DailyForecast.swift */; };
		C6006031278EE4BE008E8D36 /* SearchCitiesView.swift in Sources */ = {isa = PBXBuildFile; fileRef = C6006030278EE4BE008E8D36 /* SearchCitiesView.swift */; };
		C6006034278EE77F008E8D36 /* Grid.swift in Sources */ = {isa = PBXBuildFile; fileRef = C6006033278EE77F008E8D36 /* Grid.swift */; };
		C6006036278EF9BF008E8D36 /* SearchCitiesOnMapView.swift in Sources */ = {isa = PBXBuildFile; fileRef = C6006035278EF9BF008E8D36 /* SearchCitiesOnMapView.swift */; };
		C600603A27904CA8008E8D36 /* Int.swift in Sources */ = {isa = PBXBuildFile; fileRef = C600603927904CA8008E8D36 /* Int.swift */; };
		C600603C27904CF8008E8D36 /* Colors.swift in Sources */ = {isa = PBXBuildFile; fileRef = C600603B27904CF8008E8D36 /* Colors.swift */; };
		C600603E27904D41008E8D36 /* Views.swift in Sources */ = {isa = PBXBuildFile; fileRef = C600603D27904D41008E8D36 /* Views.swift */; };
		C600604027904D77008E8D36 /* String+.swift in Sources */ = {isa = PBXBuildFile; fileRef = C600603F27904D77008E8D36 /* String+.swift */; };
		C61A8F30279AA88500061261 /* Icons.swift in Sources */ = {isa = PBXBuildFile; fileRef = C61A8F2F279AA88500061261 /* Icons.swift */; };
		C61A8F32279AA94900061261 /* Images.swift in Sources */ = {isa = PBXBuildFile; fileRef = C61A8F31279AA94900061261 /* Images.swift */; };
		C61A8F34279AB18200061261 /* Array+.swift in Sources */ = {isa = PBXBuildFile; fileRef = C61A8F33279AB18200061261 /* Array+.swift */; };
		C6910C902791BDC0009DE6C8 /* CitiesStorage.swift in Sources */ = {isa = PBXBuildFile; fileRef = C6910C8F2791BDC0009DE6C8 /* CitiesStorage.swift */; };
		C6910C932794364E009DE6C8 /* MapViewModel.swift in Sources */ = {isa = PBXBuildFile; fileRef = C6910C922794364E009DE6C8 /* MapViewModel.swift */; };
		C6D64A70277EF688009C908E /* CitiesListViewModel.swift in Sources */ = {isa = PBXBuildFile; fileRef = C6D64A6F277EF688009C908E /* CitiesListViewModel.swift */; };
		C6D64A72277EF6C7009C908E /* ListLocationsView.swift in Sources */ = {isa = PBXBuildFile; fileRef = C6D64A71277EF6C7009C908E /* ListLocationsView.swift */; };
		C6D64A74277EF6CF009C908E /* CityRowView.swift in Sources */ = {isa = PBXBuildFile; fileRef = C6D64A73277EF6CF009C908E /* CityRowView.swift */; };
		C6D64A76277F205B009C908E /* Modifiers.swift in Sources */ = {isa = PBXBuildFile; fileRef = C6D64A75277F205B009C908E /* Modifiers.swift */; };
/* End PBXBuildFile section */

/* Begin PBXFileReference section */
		3BD910CD1AC69226874C1807 /* Pods-WeatherProjectTestOrion.release.xcconfig */ = {isa = PBXFileReference; includeInIndex = 1; lastKnownFileType = text.xcconfig; name = "Pods-WeatherProjectTestOrion.release.xcconfig"; path = "Target Support Files/Pods-WeatherProjectTestOrion/Pods-WeatherProjectTestOrion.release.xcconfig"; sourceTree = "<group>"; };
		42BB3468C992BE0888011DE6 /* Pods_WeatherProjectTestOrion.framework */ = {isa = PBXFileReference; explicitFileType = wrapper.framework; includeInIndex = 0; path = Pods_WeatherProjectTestOrion.framework; sourceTree = BUILT_PRODUCTS_DIR; };
		BC0C49C4277E57EA0050E93F /* WeatherProjectTestOrion.app */ = {isa = PBXFileReference; explicitFileType = wrapper.application; includeInIndex = 0; path = WeatherProjectTestOrion.app; sourceTree = BUILT_PRODUCTS_DIR; };
		BC0C49D7277E58250050E93F /* WeatherRepositoryProtocol.swift */ = {isa = PBXFileReference; fileEncoding = 4; lastKnownFileType = sourcecode.swift; path = WeatherRepositoryProtocol.swift; sourceTree = "<group>"; };
		BC0C49D8277E58250050E93F /* WeatherService.swift */ = {isa = PBXFileReference; fileEncoding = 4; lastKnownFileType = sourcecode.swift; path = WeatherService.swift; sourceTree = "<group>"; };
		BC0C49D9277E58250050E93F /* APICurrentWeatherModel.swift */ = {isa = PBXFileReference; fileEncoding = 4; lastKnownFileType = sourcecode.swift; path = APICurrentWeatherModel.swift; sourceTree = "<group>"; };
		BC0C49DA277E58250050E93F /* Assets.xcassets */ = {isa = PBXFileReference; lastKnownFileType = folder.assetcatalog; path = Assets.xcassets; sourceTree = "<group>"; };
		BC0C49DC277E58250050E93F /* Preview Assets.xcassets */ = {isa = PBXFileReference; lastKnownFileType = folder.assetcatalog; path = "Preview Assets.xcassets"; sourceTree = "<group>"; };
		BC0C49DD277E58250050E93F /* WeatherProjectTestOrionApp.swift */ = {isa = PBXFileReference; fileEncoding = 4; lastKnownFileType = sourcecode.swift; path = WeatherProjectTestOrionApp.swift; sourceTree = "<group>"; };
		BC0C49E0277E58250050E93F /* WeatherViewModel.swift */ = {isa = PBXFileReference; fileEncoding = 4; lastKnownFileType = sourcecode.swift; path = WeatherViewModel.swift; sourceTree = "<group>"; };
		BC0C49E2277E58250050E93F /* HourlyCurrentWeather.swift */ = {isa = PBXFileReference; fileEncoding = 4; lastKnownFileType = sourcecode.swift; path = HourlyCurrentWeather.swift; sourceTree = "<group>"; };
		BC0C49E3277E58250050E93F /* Weather.swift */ = {isa = PBXFileReference; fileEncoding = 4; lastKnownFileType = sourcecode.swift; path = Weather.swift; sourceTree = "<group>"; };
		BC0C49EC277E58250050E93F /* DailyWeatherListView.swift */ = {isa = PBXFileReference; fileEncoding = 4; lastKnownFileType = sourcecode.swift; path = DailyWeatherListView.swift; sourceTree = "<group>"; };
		BC0C49ED277E58250050E93F /* DetailsForCurrentWeatherView.swift */ = {isa = PBXFileReference; fileEncoding = 4; lastKnownFileType = sourcecode.swift; path = DetailsForCurrentWeatherView.swift; sourceTree = "<group>"; };
		BC0C49EE277E58250050E93F /* HeaderWeatherView.swift */ = {isa = PBXFileReference; fileEncoding = 4; lastKnownFileType = sourcecode.swift; path = HeaderWeatherView.swift; sourceTree = "<group>"; };
		BC0C49EF277E58250050E93F /* DailyWeatherRow.swift */ = {isa = PBXFileReference; fileEncoding = 4; lastKnownFileType = sourcecode.swift; path = DailyWeatherRow.swift; sourceTree = "<group>"; };
		BC0C49F0277E58250050E93F /* CurrentWeatherView.swift */ = {isa = PBXFileReference; fileEncoding = 4; lastKnownFileType = sourcecode.swift; path = CurrentWeatherView.swift; sourceTree = "<group>"; };
		BC0C49F1277E58250050E93F /* MainView.swift */ = {isa = PBXFileReference; fileEncoding = 4; lastKnownFileType = sourcecode.swift; path = MainView.swift; sourceTree = "<group>"; };
		BCA9C5CF279A1411008BDBBE /* MagicNumber.swift */ = {isa = PBXFileReference; lastKnownFileType = sourcecode.swift; path = MagicNumber.swift; sourceTree = "<group>"; };
		BCA9C5D1279A1441008BDBBE /* Double.swift */ = {isa = PBXFileReference; lastKnownFileType = sourcecode.swift; path = Double.swift; sourceTree = "<group>"; };
		BCA9C5D3279AC1EB008BDBBE /* Text+.swift */ = {isa = PBXFileReference; lastKnownFileType = sourcecode.swift; path = "Text+.swift"; sourceTree = "<group>"; };
		BCE240672785AA3000BDE7D6 /* Localization.swift */ = {isa = PBXFileReference; lastKnownFileType = sourcecode.swift; path = Localization.swift; sourceTree = "<group>"; };
		BCE2406C2785B61100BDE7D6 /* en */ = {isa = PBXFileReference; lastKnownFileType = text.plist.strings; name = en; path = en.lproj/Localizable.strings; sourceTree = "<group>"; };
		BCE2406E2785B61300BDE7D6 /* ru */ = {isa = PBXFileReference; lastKnownFileType = text.plist.strings; name = ru; path = ru.lproj/Localizable.strings; sourceTree = "<group>"; };
		BCE3432F279589E00070A85E /* SheetBottomWeatherView.swift */ = {isa = PBXFileReference; lastKnownFileType = sourcecode.swift; path = SheetBottomWeatherView.swift; sourceTree = "<group>"; };
		BCE343312795B95C0070A85E /* Place.swift */ = {isa = PBXFileReference; lastKnownFileType = sourcecode.swift; path = Place.swift; sourceTree = "<group>"; };
		C600602D278EB298008E8D36 /* DailyForecast.swift */ = {isa = PBXFileReference; lastKnownFileType = sourcecode.swift; path = DailyForecast.swift; sourceTree = "<group>"; };
		C6006030278EE4BE008E8D36 /* SearchCitiesView.swift */ = {isa = PBXFileReference; lastKnownFileType = sourcecode.swift; path = SearchCitiesView.swift; sourceTree = "<group>"; };
		C6006033278EE77F008E8D36 /* Grid.swift */ = {isa = PBXFileReference; lastKnownFileType = sourcecode.swift; path = Grid.swift; sourceTree = "<group>"; };
		C6006035278EF9BF008E8D36 /* SearchCitiesOnMapView.swift */ = {isa = PBXFileReference; lastKnownFileType = sourcecode.swift; path = SearchCitiesOnMapView.swift; sourceTree = "<group>"; };
		C600603927904CA8008E8D36 /* Int.swift */ = {isa = PBXFileReference; lastKnownFileType = sourcecode.swift; path = Int.swift; sourceTree = "<group>"; };
		C600603B27904CF8008E8D36 /* Colors.swift */ = {isa = PBXFileReference; lastKnownFileType = sourcecode.swift; path = Colors.swift; sourceTree = "<group>"; };
		C600603D27904D41008E8D36 /* Views.swift */ = {isa = PBXFileReference; lastKnownFileType = sourcecode.swift; path = Views.swift; sourceTree = "<group>"; };
		C600603F27904D77008E8D36 /* String+.swift */ = {isa = PBXFileReference; lastKnownFileType = sourcecode.swift; path = "String+.swift"; sourceTree = "<group>"; };
		C61A8F2F279AA88500061261 /* Icons.swift */ = {isa = PBXFileReference; lastKnownFileType = sourcecode.swift; path = Icons.swift; sourceTree = "<group>"; };
		C61A8F31279AA94900061261 /* Images.swift */ = {isa = PBXFileReference; lastKnownFileType = sourcecode.swift; path = Images.swift; sourceTree = "<group>"; };
		C61A8F33279AB18200061261 /* Array+.swift */ = {isa = PBXFileReference; lastKnownFileType = sourcecode.swift; path = "Array+.swift"; sourceTree = "<group>"; };
		C6910C8F2791BDC0009DE6C8 /* CitiesStorage.swift */ = {isa = PBXFileReference; lastKnownFileType = sourcecode.swift; path = CitiesStorage.swift; sourceTree = "<group>"; };
		C6910C922794364E009DE6C8 /* MapViewModel.swift */ = {isa = PBXFileReference; lastKnownFileType = sourcecode.swift; path = MapViewModel.swift; sourceTree = "<group>"; };
		C6D64A6F277EF688009C908E /* CitiesListViewModel.swift */ = {isa = PBXFileReference; fileEncoding = 4; lastKnownFileType = sourcecode.swift; path = CitiesListViewModel.swift; sourceTree = "<group>"; };
		C6D64A71277EF6C7009C908E /* ListLocationsView.swift */ = {isa = PBXFileReference; fileEncoding = 4; lastKnownFileType = sourcecode.swift; path = ListLocationsView.swift; sourceTree = "<group>"; };
		C6D64A73277EF6CF009C908E /* CityRowView.swift */ = {isa = PBXFileReference; fileEncoding = 4; lastKnownFileType = sourcecode.swift; path = CityRowView.swift; sourceTree = "<group>"; };
		C6D64A75277F205B009C908E /* Modifiers.swift */ = {isa = PBXFileReference; lastKnownFileType = sourcecode.swift; path = Modifiers.swift; sourceTree = "<group>"; };
		F8E50360871888558097C895 /* Pods-WeatherProjectTestOrion.debug.xcconfig */ = {isa = PBXFileReference; includeInIndex = 1; lastKnownFileType = text.xcconfig; name = "Pods-WeatherProjectTestOrion.debug.xcconfig"; path = "Target Support Files/Pods-WeatherProjectTestOrion/Pods-WeatherProjectTestOrion.debug.xcconfig"; sourceTree = "<group>"; };
/* End PBXFileReference section */

/* Begin PBXFrameworksBuildPhase section */
		BC0C49C1277E57EA0050E93F /* Frameworks */ = {
			isa = PBXFrameworksBuildPhase;
			buildActionMask = 2147483647;
			files = (
				9E9D7517482B9D0A4B8B309F /* Pods_WeatherProjectTestOrion.framework in Frameworks */,
			);
			runOnlyForDeploymentPostprocessing = 0;
		};
/* End PBXFrameworksBuildPhase section */

/* Begin PBXGroup section */
		3FC430594F19C760B3E6EB42 /* Pods */ = {
			isa = PBXGroup;
			children = (
				F8E50360871888558097C895 /* Pods-WeatherProjectTestOrion.debug.xcconfig */,
				3BD910CD1AC69226874C1807 /* Pods-WeatherProjectTestOrion.release.xcconfig */,
			);
			path = Pods;
			sourceTree = "<group>";
		};
		949D4A22166B7AD54E4B74E1 /* Frameworks */ = {
			isa = PBXGroup;
			children = (
				42BB3468C992BE0888011DE6 /* Pods_WeatherProjectTestOrion.framework */,
			);
			name = Frameworks;
			sourceTree = "<group>";
		};
		BC0C49BB277E57EA0050E93F = {
			isa = PBXGroup;
			children = (
				BC0C49D5277E58250050E93F /* WeatherProjectTestOrion */,
				BC0C49C5277E57EA0050E93F /* Products */,
				3FC430594F19C760B3E6EB42 /* Pods */,
				949D4A22166B7AD54E4B74E1 /* Frameworks */,
			);
			sourceTree = "<group>";
		};
		BC0C49C5277E57EA0050E93F /* Products */ = {
			isa = PBXGroup;
			children = (
				BC0C49C4277E57EA0050E93F /* WeatherProjectTestOrion.app */,
			);
			name = Products;
			sourceTree = "<group>";
		};
		BC0C49D5277E58250050E93F /* WeatherProjectTestOrion */ = {
			isa = PBXGroup;
			children = (
				BCE240662785AA1500BDE7D6 /* Helpers */,
				BC0C49D6277E58250050E93F /* Network */,
				BC0C49DA277E58250050E93F /* Assets.xcassets */,
				BC0C49DB277E58250050E93F /* Preview Content */,
				C600602F278EE493008E8D36 /* SearchCities */,
				C6D64A69277EF5B2009C908E /* CitiesList */,
				BC0C49DE277E58250050E93F /* Main */,
				BC0C49DD277E58250050E93F /* WeatherProjectTestOrionApp.swift */,
			);
			path = WeatherProjectTestOrion;
			sourceTree = "<group>";
		};
		BC0C49D6277E58250050E93F /* Network */ = {
			isa = PBXGroup;
			children = (
				BC0C49D7277E58250050E93F /* WeatherRepositoryProtocol.swift */,
				BC0C49D8277E58250050E93F /* WeatherService.swift */,
				BC0C49D9277E58250050E93F /* APICurrentWeatherModel.swift */,
			);
			path = Network;
			sourceTree = "<group>";
		};
		BC0C49DB277E58250050E93F /* Preview Content */ = {
			isa = PBXGroup;
			children = (
				BC0C49DC277E58250050E93F /* Preview Assets.xcassets */,
			);
			path = "Preview Content";
			sourceTree = "<group>";
		};
		BC0C49DE277E58250050E93F /* Main */ = {
			isa = PBXGroup;
			children = (
				BC0C49DF277E58250050E93F /* ViewModel */,
				BC0C49E1277E58250050E93F /* Model */,
				BC0C49E4277E58250050E93F /* View */,
			);
			path = Main;
			sourceTree = "<group>";
		};
		BC0C49DF277E58250050E93F /* ViewModel */ = {
			isa = PBXGroup;
			children = (
				BC0C49E0277E58250050E93F /* WeatherViewModel.swift */,
			);
			path = ViewModel;
			sourceTree = "<group>";
		};
		BC0C49E1277E58250050E93F /* Model */ = {
			isa = PBXGroup;
			children = (
				BC0C49E2277E58250050E93F /* HourlyCurrentWeather.swift */,
				BC0C49E3277E58250050E93F /* Weather.swift */,
				C600602D278EB298008E8D36 /* DailyForecast.swift */,
			);
			path = Model;
			sourceTree = "<group>";
		};
		BC0C49E4277E58250050E93F /* View */ = {
			isa = PBXGroup;
			children = (
				BC0C49EB277E58250050E93F /* SubView */,
				BC0C49F1277E58250050E93F /* MainView.swift */,
			);
			path = View;
			sourceTree = "<group>";
		};
		BC0C49EB277E58250050E93F /* SubView */ = {
			isa = PBXGroup;
			children = (
				BC0C49EE277E58250050E93F /* HeaderWeatherView.swift */,
				BC0C49F0277E58250050E93F /* CurrentWeatherView.swift */,
				BC0C49ED277E58250050E93F /* DetailsForCurrentWeatherView.swift */,
				BC0C49EC277E58250050E93F /* DailyWeatherListView.swift */,
				BC0C49EF277E58250050E93F /* DailyWeatherRow.swift */,
			);
			path = SubView;
			sourceTree = "<group>";
		};
		BCE240662785AA1500BDE7D6 /* Helpers */ = {
			isa = PBXGroup;
			children = (
				C61A8F35279B257C00061261 /* Localization */,
				C600603827904C8C008E8D36 /* Extensions+ */,
				C6910C9427954F9E009DE6C8 /* Constants */,
				C6D64A75277F205B009C908E /* Modifiers.swift */,
			);
			path = Helpers;
			sourceTree = "<group>";
		};
		BCF29FCD2796F60500594CB1 /* Model */ = {
			isa = PBXGroup;
			children = (
				BCE343312795B95C0070A85E /* Place.swift */,
			);
			path = Model;
			sourceTree = "<group>";
		};
		C600602F278EE493008E8D36 /* SearchCities */ = {
			isa = PBXGroup;
			children = (
				BCF29FCD2796F60500594CB1 /* Model */,
				C6910C9127943634009DE6C8 /* ViewModel */,
				C6006032278EE4C9008E8D36 /* View */,
			);
			path = SearchCities;
			sourceTree = "<group>";
		};
		C6006032278EE4C9008E8D36 /* View */ = {
			isa = PBXGroup;
			children = (
				C6006030278EE4BE008E8D36 /* SearchCitiesView.swift */,
				C6006035278EF9BF008E8D36 /* SearchCitiesOnMapView.swift */,
				BCE3432F279589E00070A85E /* SheetBottomWeatherView.swift */,
			);
			path = View;
			sourceTree = "<group>";
		};
		C600603827904C8C008E8D36 /* Extensions+ */ = {
			isa = PBXGroup;
			children = (
				C600603927904CA8008E8D36 /* Int.swift */,
				BCA9C5D1279A1441008BDBBE /* Double.swift */,
				C600603F27904D77008E8D36 /* String+.swift */,
				C600603B27904CF8008E8D36 /* Colors.swift */,
				C600603D27904D41008E8D36 /* Views.swift */,
				C61A8F33279AB18200061261 /* Array+.swift */,
				BCA9C5D3279AC1EB008BDBBE /* Text+.swift */,
			);
			path = "Extensions+";
			sourceTree = "<group>";
		};
		C61A8F35279B257C00061261 /* Localization */ = {
			isa = PBXGroup;
			children = (
				BCE240672785AA3000BDE7D6 /* Localization.swift */,
				BCE2406D2785B61100BDE7D6 /* Localizable.strings */,
			);
			path = Localization;
			sourceTree = "<group>";
		};
		C6910C9127943634009DE6C8 /* ViewModel */ = {
			isa = PBXGroup;
			children = (
				C6910C922794364E009DE6C8 /* MapViewModel.swift */,
			);
			path = ViewModel;
			sourceTree = "<group>";
		};
		C6910C9427954F9E009DE6C8 /* Constants */ = {
			isa = PBXGroup;
			children = (
				C6006033278EE77F008E8D36 /* Grid.swift */,
				C6910C8F2791BDC0009DE6C8 /* CitiesStorage.swift */,
				BCA9C5CF279A1411008BDBBE /* MagicNumber.swift */,
				C61A8F2F279AA88500061261 /* Icons.swift */,
				C61A8F31279AA94900061261 /* Images.swift */,
			);
			path = Constants;
			sourceTree = "<group>";
		};
		C6D64A69277EF5B2009C908E /* CitiesList */ = {
			isa = PBXGroup;
			children = (
				C6D64A6C277EF5F1009C908E /* ViewModel */,
				C6D64A6A277EF5DB009C908E /* View */,
			);
			path = CitiesList;
			sourceTree = "<group>";
		};
		C6D64A6A277EF5DB009C908E /* View */ = {
			isa = PBXGroup;
			children = (
				C6D64A71277EF6C7009C908E /* ListLocationsView.swift */,
				C6D64A73277EF6CF009C908E /* CityRowView.swift */,
			);
			path = View;
			sourceTree = "<group>";
		};
		C6D64A6C277EF5F1009C908E /* ViewModel */ = {
			isa = PBXGroup;
			children = (
				C6D64A6F277EF688009C908E /* CitiesListViewModel.swift */,
			);
			path = ViewModel;
			sourceTree = "<group>";
		};
/* End PBXGroup section */

/* Begin PBXNativeTarget section */
		BC0C49C3277E57EA0050E93F /* WeatherProjectTestOrion */ = {
			isa = PBXNativeTarget;
			buildConfigurationList = BC0C49D2277E57EC0050E93F /* Build configuration list for PBXNativeTarget "WeatherProjectTestOrion" */;
			buildPhases = (
				B16711F0DAC4057230FCDD5E /* [CP] Check Pods Manifest.lock */,
				C6006037278F5653008E8D36 /* ShellScript */,
				BC0C49C0277E57EA0050E93F /* Sources */,
				BC0C49C1277E57EA0050E93F /* Frameworks */,
				BC0C49C2277E57EA0050E93F /* Resources */,
				ADABCA50D6F4DBA47EF31584 /* [CP] Embed Pods Frameworks */,
			);
			buildRules = (
			);
			dependencies = (
			);
			name = WeatherProjectTestOrion;
			productName = WeatherProjectTestOrion;
			productReference = BC0C49C4277E57EA0050E93F /* WeatherProjectTestOrion.app */;
			productType = "com.apple.product-type.application";
		};
/* End PBXNativeTarget section */

/* Begin PBXProject section */
		BC0C49BC277E57EA0050E93F /* Project object */ = {
			isa = PBXProject;
			attributes = {
				BuildIndependentTargetsInParallel = 1;
				LastSwiftUpdateCheck = 1320;
				LastUpgradeCheck = 1320;
				TargetAttributes = {
					BC0C49C3277E57EA0050E93F = {
						CreatedOnToolsVersion = 13.2.1;
					};
				};
			};
			buildConfigurationList = BC0C49BF277E57EA0050E93F /* Build configuration list for PBXProject "WeatherProjectTestOrion" */;
			compatibilityVersion = "Xcode 13.0";
			developmentRegion = en;
			hasScannedForEncodings = 0;
			knownRegions = (
				en,
				Base,
				ru,
			);
			mainGroup = BC0C49BB277E57EA0050E93F;
			productRefGroup = BC0C49C5277E57EA0050E93F /* Products */;
			projectDirPath = "";
			projectRoot = "";
			targets = (
				BC0C49C3277E57EA0050E93F /* WeatherProjectTestOrion */,
			);
		};
/* End PBXProject section */

/* Begin PBXResourcesBuildPhase section */
		BC0C49C2277E57EA0050E93F /* Resources */ = {
			isa = PBXResourcesBuildPhase;
			buildActionMask = 2147483647;
			files = (
				BC0C49F6277E58250050E93F /* Preview Assets.xcassets in Resources */,
				BCE2406B2785B61100BDE7D6 /* Localizable.strings in Resources */,
				BC0C49F5277E58250050E93F /* Assets.xcassets in Resources */,
			);
			runOnlyForDeploymentPostprocessing = 0;
		};
/* End PBXResourcesBuildPhase section */

/* Begin PBXShellScriptBuildPhase section */
		ADABCA50D6F4DBA47EF31584 /* [CP] Embed Pods Frameworks */ = {
			isa = PBXShellScriptBuildPhase;
			buildActionMask = 2147483647;
			files = (
			);
			inputFileListPaths = (
				"${PODS_ROOT}/Target Support Files/Pods-WeatherProjectTestOrion/Pods-WeatherProjectTestOrion-frameworks-${CONFIGURATION}-input-files.xcfilelist",
			);
			name = "[CP] Embed Pods Frameworks";
			outputFileListPaths = (
				"${PODS_ROOT}/Target Support Files/Pods-WeatherProjectTestOrion/Pods-WeatherProjectTestOrion-frameworks-${CONFIGURATION}-output-files.xcfilelist",
			);
			runOnlyForDeploymentPostprocessing = 0;
			shellPath = /bin/sh;
			shellScript = "\"${PODS_ROOT}/Target Support Files/Pods-WeatherProjectTestOrion/Pods-WeatherProjectTestOrion-frameworks.sh\"\n";
			showEnvVarsInLog = 0;
		};
		B16711F0DAC4057230FCDD5E /* [CP] Check Pods Manifest.lock */ = {
			isa = PBXShellScriptBuildPhase;
			buildActionMask = 2147483647;
			files = (
			);
			inputFileListPaths = (
			);
			inputPaths = (
				"${PODS_PODFILE_DIR_PATH}/Podfile.lock",
				"${PODS_ROOT}/Manifest.lock",
			);
			name = "[CP] Check Pods Manifest.lock";
			outputFileListPaths = (
			);
			outputPaths = (
				"$(DERIVED_FILE_DIR)/Pods-WeatherProjectTestOrion-checkManifestLockResult.txt",
			);
			runOnlyForDeploymentPostprocessing = 0;
			shellPath = /bin/sh;
			shellScript = "diff \"${PODS_PODFILE_DIR_PATH}/Podfile.lock\" \"${PODS_ROOT}/Manifest.lock\" > /dev/null\nif [ $? != 0 ] ; then\n    # print error to STDERR\n    echo \"error: The sandbox is not in sync with the Podfile.lock. Run 'pod install' or update your CocoaPods installation.\" >&2\n    exit 1\nfi\n# This output is used by Xcode 'outputs' to avoid re-running this script phase.\necho \"SUCCESS\" > \"${SCRIPT_OUTPUT_FILE_0}\"\n";
			showEnvVarsInLog = 0;
		};
		C6006037278F5653008E8D36 /* ShellScript */ = {
			isa = PBXShellScriptBuildPhase;
			buildActionMask = 2147483647;
			files = (
			);
			inputFileListPaths = (
			);
			inputPaths = (
			);
			outputFileListPaths = (
			);
			outputPaths = (
			);
			runOnlyForDeploymentPostprocessing = 0;
			shellPath = /bin/sh;
			shellScript = "\"${PODS_ROOT}/SwiftLint/swiftlint\"\n";
		};
/* End PBXShellScriptBuildPhase section */

/* Begin PBXSourcesBuildPhase section */
		BC0C49C0277E57EA0050E93F /* Sources */ = {
			isa = PBXSourcesBuildPhase;
			buildActionMask = 2147483647;
			files = (
				BCA9C5D2279A1441008BDBBE /* Double.swift in Sources */,
				BC0C4A03277E58250050E93F /* CurrentWeatherView.swift in Sources */,
				BCE240682785AA3000BDE7D6 /* Localization.swift in Sources */,
				BCE343322795B95C0070A85E /* Place.swift in Sources */,
				C6006036278EF9BF008E8D36 /* SearchCitiesOnMapView.swift in Sources */,
				BC0C49F8277E58250050E93F /* WeatherViewModel.swift in Sources */,
				BC0C49F7277E58250050E93F /* WeatherProjectTestOrionApp.swift in Sources */,
				C61A8F32279AA94900061261 /* Images.swift in Sources */,
				C600602E278EB298008E8D36 /* DailyForecast.swift in Sources */,
				C6910C902791BDC0009DE6C8 /* CitiesStorage.swift in Sources */,
				C600603E27904D41008E8D36 /* Views.swift in Sources */,
				C600603C27904CF8008E8D36 /* Colors.swift in Sources */,
				BC0C49FF277E58250050E93F /* DailyWeatherListView.swift in Sources */,
				C61A8F34279AB18200061261 /* Array+.swift in Sources */,
				C6910C932794364E009DE6C8 /* MapViewModel.swift in Sources */,
				C6D64A76277F205B009C908E /* Modifiers.swift in Sources */,
				C600604027904D77008E8D36 /* String+.swift in Sources */,
				BC0C4A01277E58250050E93F /* HeaderWeatherView.swift in Sources */,
				C6006034278EE77F008E8D36 /* Grid.swift in Sources */,
				BCE34330279589E00070A85E /* SheetBottomWeatherView.swift in Sources */,
				C6D64A74277EF6CF009C908E /* CityRowView.swift in Sources */,
				BC0C4A02277E58250050E93F /* DailyWeatherRow.swift in Sources */,
				BC0C49F4277E58250050E93F /* APICurrentWeatherModel.swift in Sources */,
				C61A8F30279AA88500061261 /* Icons.swift in Sources */,
				C6D64A72277EF6C7009C908E /* ListLocationsView.swift in Sources */,
				C600603A27904CA8008E8D36 /* Int.swift in Sources */,
				BCA9C5D4279AC1EB008BDBBE /* Text+.swift in Sources */,
				BCA9C5D0279A1411008BDBBE /* MagicNumber.swift in Sources */,
				BC0C49F9277E58250050E93F /* HourlyCurrentWeather.swift in Sources */,
				BC0C49F3277E58250050E93F /* WeatherService.swift in Sources */,
				C6006031278EE4BE008E8D36 /* SearchCitiesView.swift in Sources */,
				BC0C49F2277E58250050E93F /* WeatherRepositoryProtocol.swift in Sources */,
				BC0C4A04277E58250050E93F /* MainView.swift in Sources */,
				BC0C4A00277E58250050E93F /* DetailsForCurrentWeatherView.swift in Sources */,
				BC0C49FA277E58250050E93F /* Weather.swift in Sources */,
				C6D64A70277EF688009C908E /* CitiesListViewModel.swift in Sources */,
			);
			runOnlyForDeploymentPostprocessing = 0;
		};
/* End PBXSourcesBuildPhase section */

/* Begin PBXVariantGroup section */
		BCE2406D2785B61100BDE7D6 /* Localizable.strings */ = {
			isa = PBXVariantGroup;
			children = (
				BCE2406C2785B61100BDE7D6 /* en */,
				BCE2406E2785B61300BDE7D6 /* ru */,
			);
			name = Localizable.strings;
			sourceTree = "<group>";
		};
/* End PBXVariantGroup section */

/* Begin XCBuildConfiguration section */
		BC0C49D0277E57EC0050E93F /* Debug */ = {
			isa = XCBuildConfiguration;
			buildSettings = {
				ALWAYS_SEARCH_USER_PATHS = NO;
				CLANG_ANALYZER_NONNULL = YES;
				CLANG_ANALYZER_NUMBER_OBJECT_CONVERSION = YES_AGGRESSIVE;
				CLANG_CXX_LANGUAGE_STANDARD = "gnu++17";
				CLANG_CXX_LIBRARY = "libc++";
				CLANG_ENABLE_MODULES = YES;
				CLANG_ENABLE_OBJC_ARC = YES;
				CLANG_ENABLE_OBJC_WEAK = YES;
				CLANG_WARN_BLOCK_CAPTURE_AUTORELEASING = YES;
				CLANG_WARN_BOOL_CONVERSION = YES;
				CLANG_WARN_COMMA = YES;
				CLANG_WARN_CONSTANT_CONVERSION = YES;
				CLANG_WARN_DEPRECATED_OBJC_IMPLEMENTATIONS = YES;
				CLANG_WARN_DIRECT_OBJC_ISA_USAGE = YES_ERROR;
				CLANG_WARN_DOCUMENTATION_COMMENTS = YES;
				CLANG_WARN_EMPTY_BODY = YES;
				CLANG_WARN_ENUM_CONVERSION = YES;
				CLANG_WARN_INFINITE_RECURSION = YES;
				CLANG_WARN_INT_CONVERSION = YES;
				CLANG_WARN_NON_LITERAL_NULL_CONVERSION = YES;
				CLANG_WARN_OBJC_IMPLICIT_RETAIN_SELF = YES;
				CLANG_WARN_OBJC_LITERAL_CONVERSION = YES;
				CLANG_WARN_OBJC_ROOT_CLASS = YES_ERROR;
				CLANG_WARN_QUOTED_INCLUDE_IN_FRAMEWORK_HEADER = YES;
				CLANG_WARN_RANGE_LOOP_ANALYSIS = YES;
				CLANG_WARN_STRICT_PROTOTYPES = YES;
				CLANG_WARN_SUSPICIOUS_MOVE = YES;
				CLANG_WARN_UNGUARDED_AVAILABILITY = YES_AGGRESSIVE;
				CLANG_WARN_UNREACHABLE_CODE = YES;
				CLANG_WARN__DUPLICATE_METHOD_MATCH = YES;
				COPY_PHASE_STRIP = NO;
				DEBUG_INFORMATION_FORMAT = dwarf;
				ENABLE_STRICT_OBJC_MSGSEND = YES;
				ENABLE_TESTABILITY = YES;
				GCC_C_LANGUAGE_STANDARD = gnu11;
				GCC_DYNAMIC_NO_PIC = NO;
				GCC_NO_COMMON_BLOCKS = YES;
				GCC_OPTIMIZATION_LEVEL = 0;
				GCC_PREPROCESSOR_DEFINITIONS = (
					"DEBUG=1",
					"$(inherited)",
				);
				GCC_WARN_64_TO_32_BIT_CONVERSION = YES;
				GCC_WARN_ABOUT_RETURN_TYPE = YES_ERROR;
				GCC_WARN_UNDECLARED_SELECTOR = YES;
				GCC_WARN_UNINITIALIZED_AUTOS = YES_AGGRESSIVE;
				GCC_WARN_UNUSED_FUNCTION = YES;
				GCC_WARN_UNUSED_VARIABLE = YES;
				IPHONEOS_DEPLOYMENT_TARGET = 15.2;
				MTL_ENABLE_DEBUG_INFO = INCLUDE_SOURCE;
				MTL_FAST_MATH = YES;
				ONLY_ACTIVE_ARCH = YES;
				SDKROOT = iphoneos;
				SWIFT_ACTIVE_COMPILATION_CONDITIONS = DEBUG;
				SWIFT_OPTIMIZATION_LEVEL = "-Onone";
			};
			name = Debug;
		};
		BC0C49D1277E57EC0050E93F /* Release */ = {
			isa = XCBuildConfiguration;
			buildSettings = {
				ALWAYS_SEARCH_USER_PATHS = NO;
				CLANG_ANALYZER_NONNULL = YES;
				CLANG_ANALYZER_NUMBER_OBJECT_CONVERSION = YES_AGGRESSIVE;
				CLANG_CXX_LANGUAGE_STANDARD = "gnu++17";
				CLANG_CXX_LIBRARY = "libc++";
				CLANG_ENABLE_MODULES = YES;
				CLANG_ENABLE_OBJC_ARC = YES;
				CLANG_ENABLE_OBJC_WEAK = YES;
				CLANG_WARN_BLOCK_CAPTURE_AUTORELEASING = YES;
				CLANG_WARN_BOOL_CONVERSION = YES;
				CLANG_WARN_COMMA = YES;
				CLANG_WARN_CONSTANT_CONVERSION = YES;
				CLANG_WARN_DEPRECATED_OBJC_IMPLEMENTATIONS = YES;
				CLANG_WARN_DIRECT_OBJC_ISA_USAGE = YES_ERROR;
				CLANG_WARN_DOCUMENTATION_COMMENTS = YES;
				CLANG_WARN_EMPTY_BODY = YES;
				CLANG_WARN_ENUM_CONVERSION = YES;
				CLANG_WARN_INFINITE_RECURSION = YES;
				CLANG_WARN_INT_CONVERSION = YES;
				CLANG_WARN_NON_LITERAL_NULL_CONVERSION = YES;
				CLANG_WARN_OBJC_IMPLICIT_RETAIN_SELF = YES;
				CLANG_WARN_OBJC_LITERAL_CONVERSION = YES;
				CLANG_WARN_OBJC_ROOT_CLASS = YES_ERROR;
				CLANG_WARN_QUOTED_INCLUDE_IN_FRAMEWORK_HEADER = YES;
				CLANG_WARN_RANGE_LOOP_ANALYSIS = YES;
				CLANG_WARN_STRICT_PROTOTYPES = YES;
				CLANG_WARN_SUSPICIOUS_MOVE = YES;
				CLANG_WARN_UNGUARDED_AVAILABILITY = YES_AGGRESSIVE;
				CLANG_WARN_UNREACHABLE_CODE = YES;
				CLANG_WARN__DUPLICATE_METHOD_MATCH = YES;
				COPY_PHASE_STRIP = NO;
				DEBUG_INFORMATION_FORMAT = "dwarf-with-dsym";
				ENABLE_NS_ASSERTIONS = NO;
				ENABLE_STRICT_OBJC_MSGSEND = YES;
				GCC_C_LANGUAGE_STANDARD = gnu11;
				GCC_NO_COMMON_BLOCKS = YES;
				GCC_WARN_64_TO_32_BIT_CONVERSION = YES;
				GCC_WARN_ABOUT_RETURN_TYPE = YES_ERROR;
				GCC_WARN_UNDECLARED_SELECTOR = YES;
				GCC_WARN_UNINITIALIZED_AUTOS = YES_AGGRESSIVE;
				GCC_WARN_UNUSED_FUNCTION = YES;
				GCC_WARN_UNUSED_VARIABLE = YES;
				IPHONEOS_DEPLOYMENT_TARGET = 15.2;
				MTL_ENABLE_DEBUG_INFO = NO;
				MTL_FAST_MATH = YES;
				SDKROOT = iphoneos;
				SWIFT_COMPILATION_MODE = wholemodule;
				SWIFT_OPTIMIZATION_LEVEL = "-O";
				VALIDATE_PRODUCT = YES;
			};
			name = Release;
		};
		BC0C49D3277E57EC0050E93F /* Debug */ = {
			isa = XCBuildConfiguration;
			baseConfigurationReference = F8E50360871888558097C895 /* Pods-WeatherProjectTestOrion.debug.xcconfig */;
			buildSettings = {
				ASSETCATALOG_COMPILER_APPICON_NAME = AppIcon;
				ASSETCATALOG_COMPILER_GLOBAL_ACCENT_COLOR_NAME = AccentColor;
				CODE_SIGN_STYLE = Automatic;
				CURRENT_PROJECT_VERSION = 1;
				DEVELOPMENT_ASSET_PATHS = "\"WeatherProjectTestOrion/Preview Content\"";
				DEVELOPMENT_TEAM = CF7ZB6792L;
				ENABLE_PREVIEWS = YES;
				GENERATE_INFOPLIST_FILE = YES;
				INFOPLIST_KEY_NSLocationWhenInUseUsageDescription = "This app need your location to show it map.";
				INFOPLIST_KEY_UIApplicationSceneManifest_Generation = YES;
				INFOPLIST_KEY_UIApplicationSupportsIndirectInputEvents = YES;
				INFOPLIST_KEY_UILaunchScreen_Generation = YES;
				INFOPLIST_KEY_UISupportedInterfaceOrientations_iPad = "UIInterfaceOrientationPortrait UIInterfaceOrientationPortraitUpsideDown UIInterfaceOrientationLandscapeLeft UIInterfaceOrientationLandscapeRight";
				INFOPLIST_KEY_UISupportedInterfaceOrientations_iPhone = "UIInterfaceOrientationPortrait UIInterfaceOrientationLandscapeLeft UIInterfaceOrientationLandscapeRight";
				LD_RUNPATH_SEARCH_PATHS = (
					"$(inherited)",
					"@executable_path/Frameworks",
				);
				MARKETING_VERSION = 1.0;
				PRODUCT_BUNDLE_IDENTIFIER = ilvutikova.ru.WeatherProjectTestOrion;
				PRODUCT_NAME = "$(TARGET_NAME)";
				SWIFT_EMIT_LOC_STRINGS = YES;
				SWIFT_VERSION = 5.0;
				TARGETED_DEVICE_FAMILY = "1,2";
			};
			name = Debug;
		};
		BC0C49D4277E57EC0050E93F /* Release */ = {
			isa = XCBuildConfiguration;
			baseConfigurationReference = 3BD910CD1AC69226874C1807 /* Pods-WeatherProjectTestOrion.release.xcconfig */;
			buildSettings = {
				ASSETCATALOG_COMPILER_APPICON_NAME = AppIcon;
				ASSETCATALOG_COMPILER_GLOBAL_ACCENT_COLOR_NAME = AccentColor;
				CODE_SIGN_STYLE = Automatic;
				CURRENT_PROJECT_VERSION = 1;
				DEVELOPMENT_ASSET_PATHS = "\"WeatherProjectTestOrion/Preview Content\"";
				DEVELOPMENT_TEAM = CF7ZB6792L;
				ENABLE_PREVIEWS = YES;
				GENERATE_INFOPLIST_FILE = YES;
				INFOPLIST_KEY_NSLocationWhenInUseUsageDescription = "This app need your location to show it map.";
				INFOPLIST_KEY_UIApplicationSceneManifest_Generation = YES;
				INFOPLIST_KEY_UIApplicationSupportsIndirectInputEvents = YES;
				INFOPLIST_KEY_UILaunchScreen_Generation = YES;
				INFOPLIST_KEY_UISupportedInterfaceOrientations_iPad = "UIInterfaceOrientationPortrait UIInterfaceOrientationPortraitUpsideDown UIInterfaceOrientationLandscapeLeft UIInterfaceOrientationLandscapeRight";
				INFOPLIST_KEY_UISupportedInterfaceOrientations_iPhone = "UIInterfaceOrientationPortrait UIInterfaceOrientationLandscapeLeft UIInterfaceOrientationLandscapeRight";
				LD_RUNPATH_SEARCH_PATHS = (
					"$(inherited)",
					"@executable_path/Frameworks",
				);
				MARKETING_VERSION = 1.0;
				PRODUCT_BUNDLE_IDENTIFIER = ilvutikova.ru.WeatherProjectTestOrion;
				PRODUCT_NAME = "$(TARGET_NAME)";
				SWIFT_EMIT_LOC_STRINGS = YES;
				SWIFT_VERSION = 5.0;
				TARGETED_DEVICE_FAMILY = "1,2";
			};
			name = Release;
		};
/* End XCBuildConfiguration section */

/* Begin XCConfigurationList section */
		BC0C49BF277E57EA0050E93F /* Build configuration list for PBXProject "WeatherProjectTestOrion" */ = {
			isa = XCConfigurationList;
			buildConfigurations = (
				BC0C49D0277E57EC0050E93F /* Debug */,
				BC0C49D1277E57EC0050E93F /* Release */,
			);
			defaultConfigurationIsVisible = 0;
			defaultConfigurationName = Release;
		};
		BC0C49D2277E57EC0050E93F /* Build configuration list for PBXNativeTarget "WeatherProjectTestOrion" */ = {
			isa = XCConfigurationList;
			buildConfigurations = (
				BC0C49D3277E57EC0050E93F /* Debug */,
				BC0C49D4277E57EC0050E93F /* Release */,
			);
			defaultConfigurationIsVisible = 0;
			defaultConfigurationName = Release;
		};
/* End XCConfigurationList section */
	};
	rootObject = BC0C49BC277E57EA0050E93F /* Project object */;
}
